
Microsoft Visual Studio Solution File, Format Version 12.00
# Visual Studio Version 17
VisualStudioVersion = 17.0.32126.317
MinimumVisualStudioVersion = 10.0.40219.1
Project("{9A19103F-16F7-4668-BE54-9A1E7A4F7556}") = "Tickets.Services", "Tickets.Services\Tickets.Services.csproj", "{BD9141A2-D276-4B28-89DF-3E37DCB74931}"
EndProject
Project("{9A19103F-16F7-4668-BE54-9A1E7A4F7556}") = "Tickets", "Tickets\Tickets.csproj", "{EE9C7589-158D-4E9F-87E8-131DFF411EA3}"
EndProject
Project("{9A19103F-16F7-4668-BE54-9A1E7A4F7556}") = "Tickets.Services.Tests", "Tickets.Services.Tests\Tickets.Services.Tests.csproj", "{F57EFDB4-C525-4078-A274-7A7DA723F02D}"
EndProject
Project("{9A19103F-16F7-4668-BE54-9A1E7A4F7556}") = "Tickets.Web.Tests", "Tickets.Web.Tests\Tickets.Web.Tests.csproj", "{47A9EA57-889F-426B-B483-258137E4E208}"
EndProject
Project("{2150E333-8FDC-42A3-9474-1A3956D46DE8}") = "Solution Items", "Solution Items", "{5921F81B-5A3A-415C-9358-8B390CE57FB6}"
	ProjectSection(SolutionItems) = preProject
		README.md = README.md
	EndProjectSection
EndProject
Project("{9A19103F-16F7-4668-BE54-9A1E7A4F7556}") = "Tickets.Web", "Tickets.Web\Tickets.Web.csproj", "{33C7DBA6-12F7-47FB-9029-278D51E090E4}"
EndProject
Global
	GlobalSection(SolutionConfigurationPlatforms) = preSolution
		Debug|Any CPU = Debug|Any CPU
		Release|Any CPU = Release|Any CPU
	EndGlobalSection
	GlobalSection(ProjectConfigurationPlatforms) = postSolution
		{BD9141A2-D276-4B28-89DF-3E37DCB74931}.Debug|Any CPU.ActiveCfg = Debug|Any CPU
		{BD9141A2-D276-4B28-89DF-3E37DCB74931}.Debug|Any CPU.Build.0 = Debug|Any CPU
		{BD9141A2-D276-4B28-89DF-3E37DCB74931}.Release|Any CPU.ActiveCfg = Release|Any CPU
		{BD9141A2-D276-4B28-89DF-3E37DCB74931}.Release|Any CPU.Build.0 = Release|Any CPU
		{EE9C7589-158D-4E9F-87E8-131DFF411EA3}.Debug|Any CPU.ActiveCfg = Debug|Any CPU
		{EE9C7589-158D-4E9F-87E8-131DFF411EA3}.Debug|Any CPU.Build.0 = Debug|Any CPU
		{EE9C7589-158D-4E9F-87E8-131DFF411EA3}.Release|Any CPU.ActiveCfg = Release|Any CPU
		{EE9C7589-158D-4E9F-87E8-131DFF411EA3}.Release|Any CPU.Build.0 = Release|Any CPU
		{F57EFDB4-C525-4078-A274-7A7DA723F02D}.Debug|Any CPU.ActiveCfg = Debug|Any CPU
		{F57EFDB4-C525-4078-A274-7A7DA723F02D}.Debug|Any CPU.Build.0 = Debug|Any CPU
		{F57EFDB4-C525-4078-A274-7A7DA723F02D}.Release|Any CPU.ActiveCfg = Release|Any CPU
		{F57EFDB4-C525-4078-A274-7A7DA723F02D}.Release|Any CPU.Build.0 = Release|Any CPU
		{47A9EA57-889F-426B-B483-258137E4E208}.Debug|Any CPU.ActiveCfg = Debug|Any CPU
		{47A9EA57-889F-426B-B483-258137E4E208}.Debug|Any CPU.Build.0 = Debug|Any CPU
		{47A9EA57-889F-426B-B483-258137E4E208}.Release|Any CPU.ActiveCfg = Release|Any CPU
		{47A9EA57-889F-426B-B483-258137E4E208}.Release|Any CPU.Build.0 = Release|Any CPU
		{33C7DBA6-12F7-47FB-9029-278D51E090E4}.Debug|Any CPU.ActiveCfg = Debug|Any CPU
		{33C7DBA6-12F7-47FB-9029-278D51E090E4}.Debug|Any CPU.Build.0 = Debug|Any CPU
		{33C7DBA6-12F7-47FB-9029-278D51E090E4}.Release|Any CPU.ActiveCfg = Release|Any CPU
		{33C7DBA6-12F7-47FB-9029-278D51E090E4}.Release|Any CPU.Build.0 = Release|Any CPU
	EndGlobalSection
	GlobalSection(SolutionProperties) = preSolution
		HideSolutionNode = FALSE
	EndGlobalSection
	GlobalSection(ExtensibilityGlobals) = postSolution
		SolutionGuid = {3F4BF860-E2E1-4AFA-ACA5-22157C2E7DE5}
	EndGlobalSection
EndGlobal
